
Microsoft Visual Studio Solution File, Format Version 12.00
# Visual Studio Version 17
Project("{8BC9CEB8-8B4A-11D0-8D11-00A0C91BC942}") = "ALL_BUILD", "ALL_BUILD.vcxproj", "{92DDFF8E-02E3-39E1-B6BE-F3A0900D97AA}"
	ProjectSection(ProjectDependencies) = postProject
		{E0FEB8F2-F78F-3D96-8BAA-3FD5AC51F914} = {E0FEB8F2-F78F-3D96-8BAA-3FD5AC51F914}
		{343F5CF2-0545-33A3-BDC7-98866FD6CBAD} = {343F5CF2-0545-33A3-BDC7-98866FD6CBAD}
	EndProjectSection
EndProject
Project("{8BC9CEB8-8B4A-11D0-8D11-00A0C91BC942}") = "ALL_CGAL_TARGETS", "ALL_CGAL_TARGETS.vcxproj", "{D9E6923F-E42B-3DC2-8DAC-6F845720BC4D}"
	ProjectSection(ProjectDependencies) = postProject
		{343F5CF2-0545-33A3-BDC7-98866FD6CBAD} = {343F5CF2-0545-33A3-BDC7-98866FD6CBAD}
		{883FD084-6A95-3EB9-9AC6-F882FBEBA2B9} = {883FD084-6A95-3EB9-9AC6-F882FBEBA2B9}
	EndProjectSection
EndProject
Project("{8BC9CEB8-8B4A-11D0-8D11-00A0C91BC942}") = "Fast_VW", "Fast_VW.vcxproj", "{E0FEB8F2-F78F-3D96-8BAA-3FD5AC51F914}"
	ProjectSection(ProjectDependencies) = postProject
		{343F5CF2-0545-33A3-BDC7-98866FD6CBAD} = {343F5CF2-0545-33A3-BDC7-98866FD6CBAD}
	EndProjectSection
EndProject
Project("{8BC9CEB8-8B4A-11D0-8D11-00A0C91BC942}") = "ZERO_CHECK", "ZERO_CHECK.vcxproj", "{343F5CF2-0545-33A3-BDC7-98866FD6CBAD}"
	ProjectSection(ProjectDependencies) = postProject
	EndProjectSection
EndProject
Project("{8BC9CEB8-8B4A-11D0-8D11-00A0C91BC942}") = "cgal_check_build_system", "cgal_check_build_system.vcxproj", "{883FD084-6A95-3EB9-9AC6-F882FBEBA2B9}"
	ProjectSection(ProjectDependencies) = postProject
		{343F5CF2-0545-33A3-BDC7-98866FD6CBAD} = {343F5CF2-0545-33A3-BDC7-98866FD6CBAD}
	EndProjectSection
EndProject
Project("{8BC9CEB8-8B4A-11D0-8D11-00A0C91BC942}") = "compilation_of__Fast_VW", "compilation_of__Fast_VW.vcxproj", "{FF294835-8B69-3125-82AA-78AAC6C34C64}"
	ProjectSection(ProjectDependencies) = postProject
		{343F5CF2-0545-33A3-BDC7-98866FD6CBAD} = {343F5CF2-0545-33A3-BDC7-98866FD6CBAD}
	EndProjectSection
EndProject
Global
	GlobalSection(SolutionConfigurationPlatforms) = preSolution
		Debug|x64 = Debug|x64
		Release|x64 = Release|x64
		MinSizeRel|x64 = MinSizeRel|x64
		RelWithDebInfo|x64 = RelWithDebInfo|x64
	EndGlobalSection
	GlobalSection(ProjectConfigurationPlatforms) = postSolution
		{92DDFF8E-02E3-39E1-B6BE-F3A0900D97AA}.Debug|x64.ActiveCfg = Debug|x64
		{92DDFF8E-02E3-39E1-B6BE-F3A0900D97AA}.Release|x64.ActiveCfg = Release|x64
		{92DDFF8E-02E3-39E1-B6BE-F3A0900D97AA}.MinSizeRel|x64.ActiveCfg = MinSizeRel|x64
		{92DDFF8E-02E3-39E1-B6BE-F3A0900D97AA}.RelWithDebInfo|x64.ActiveCfg = RelWithDebInfo|x64
		{D9E6923F-E42B-3DC2-8DAC-6F845720BC4D}.Debug|x64.ActiveCfg = Debug|x64
		{D9E6923F-E42B-3DC2-8DAC-6F845720BC4D}.Release|x64.ActiveCfg = Release|x64
		{D9E6923F-E42B-3DC2-8DAC-6F845720BC4D}.MinSizeRel|x64.ActiveCfg = MinSizeRel|x64
		{D9E6923F-E42B-3DC2-8DAC-6F845720BC4D}.RelWithDebInfo|x64.ActiveCfg = RelWithDebInfo|x64
		{E0FEB8F2-F78F-3D96-8BAA-3FD5AC51F914}.Debug|x64.ActiveCfg = Debug|x64
		{E0FEB8F2-F78F-3D96-8BAA-3FD5AC51F914}.Debug|x64.Build.0 = Debug|x64
		{E0FEB8F2-F78F-3D96-8BAA-3FD5AC51F914}.Release|x64.ActiveCfg = Release|x64
		{E0FEB8F2-F78F-3D96-8BAA-3FD5AC51F914}.Release|x64.Build.0 = Release|x64
		{E0FEB8F2-F78F-3D96-8BAA-3FD5AC51F914}.MinSizeRel|x64.ActiveCfg = MinSizeRel|x64
		{E0FEB8F2-F78F-3D96-8BAA-3FD5AC51F914}.MinSizeRel|x64.Build.0 = MinSizeRel|x64
		{E0FEB8F2-F78F-3D96-8BAA-3FD5AC51F914}.RelWithDebInfo|x64.ActiveCfg = RelWithDebInfo|x64
		{E0FEB8F2-F78F-3D96-8BAA-3FD5AC51F914}.RelWithDebInfo|x64.Build.0 = RelWithDebInfo|x64
		{343F5CF2-0545-33A3-BDC7-98866FD6CBAD}.Debug|x64.ActiveCfg = Debug|x64
		{343F5CF2-0545-33A3-BDC7-98866FD6CBAD}.Debug|x64.Build.0 = Debug|x64
		{343F5CF2-0545-33A3-BDC7-98866FD6CBAD}.Release|x64.ActiveCfg = Release|x64
		{343F5CF2-0545-33A3-BDC7-98866FD6CBAD}.Release|x64.Build.0 = Release|x64
		{343F5CF2-0545-33A3-BDC7-98866FD6CBAD}.MinSizeRel|x64.ActiveCfg = MinSizeRel|x64
		{343F5CF2-0545-33A3-BDC7-98866FD6CBAD}.MinSizeRel|x64.Build.0 = MinSizeRel|x64
		{343F5CF2-0545-33A3-BDC7-98866FD6CBAD}.RelWithDebInfo|x64.ActiveCfg = RelWithDebInfo|x64
		{343F5CF2-0545-33A3-BDC7-98866FD6CBAD}.RelWithDebInfo|x64.Build.0 = RelWithDebInfo|x64
		{883FD084-6A95-3EB9-9AC6-F882FBEBA2B9}.Debug|x64.ActiveCfg = Debug|x64
		{883FD084-6A95-3EB9-9AC6-F882FBEBA2B9}.Debug|x64.Build.0 = Debug|x64
		{883FD084-6A95-3EB9-9AC6-F882FBEBA2B9}.Release|x64.ActiveCfg = Release|x64
		{883FD084-6A95-3EB9-9AC6-F882FBEBA2B9}.Release|x64.Build.0 = Release|x64
		{883FD084-6A95-3EB9-9AC6-F882FBEBA2B9}.MinSizeRel|x64.ActiveCfg = MinSizeRel|x64
		{883FD084-6A95-3EB9-9AC6-F882FBEBA2B9}.MinSizeRel|x64.Build.0 = MinSizeRel|x64
		{883FD084-6A95-3EB9-9AC6-F882FBEBA2B9}.RelWithDebInfo|x64.ActiveCfg = RelWithDebInfo|x64
		{883FD084-6A95-3EB9-9AC6-F882FBEBA2B9}.RelWithDebInfo|x64.Build.0 = RelWithDebInfo|x64
		{FF294835-8B69-3125-82AA-78AAC6C34C64}.Debug|x64.ActiveCfg = Debug|x64
		{FF294835-8B69-3125-82AA-78AAC6C34C64}.Release|x64.ActiveCfg = Release|x64
		{FF294835-8B69-3125-82AA-78AAC6C34C64}.MinSizeRel|x64.ActiveCfg = MinSizeRel|x64
		{FF294835-8B69-3125-82AA-78AAC6C34C64}.RelWithDebInfo|x64.ActiveCfg = RelWithDebInfo|x64
	EndGlobalSection
	GlobalSection(ExtensibilityGlobals) = postSolution
		SolutionGuid = {2EF8F00B-19B8-3FB5-9B00-2DEA6DB66951}
	EndGlobalSection
	GlobalSection(ExtensibilityAddIns) = postSolution
	EndGlobalSection
EndGlobal
